
Microsoft Visual Studio Solution File, Format Version 12.00
# Visual Studio 15
VisualStudioVersion = 15.0.28307.1169
MinimumVisualStudioVersion = 10.0.40219.1
Project("{FAE04EC0-301F-11D3-BF4B-00C04F79EFBC}") = "additionExample", "additionExample\additionExample.csproj", "{CB1422DD-42E9-4731-8C92-C02B2685B59D}"
EndProject
Global
	GlobalSection(SolutionConfigurationPlatforms) = preSolution
		Debug|Any CPU = Debug|Any CPU
		Release|Any CPU = Release|Any CPU
	EndGlobalSection
	GlobalSection(ProjectConfigurationPlatforms) = postSolution
		{CB1422DD-42E9-4731-8C92-C02B2685B59D}.Debug|Any CPU.ActiveCfg = Debug|Any CPU
		{CB1422DD-42E9-4731-8C92-C02B2685B59D}.Debug|Any CPU.Build.0 = Debug|Any CPU
		{CB1422DD-42E9-4731-8C92-C02B2685B59D}.Release|Any CPU.ActiveCfg = Release|Any CPU
		{CB1422DD-42E9-4731-8C92-C02B2685B59D}.Release|Any CPU.Build.0 = Release|Any CPU
	EndGlobalSection
	GlobalSection(SolutionProperties) = preSolution
		HideSolutionNode = FALSE
	EndGlobalSection
	GlobalSection(ExtensibilityGlobals) = postSolution
		SolutionGuid = {0D93F963-4E5A-4EE1-954A-4E1294E95BAB}
	EndGlobalSection
EndGlobal
